
Microsoft Visual Studio Solution File, Format Version 11.00
# Visual Studio 2010
Project("{FAE04EC0-301F-11D3-BF4B-00C04F79EFBC}") = "FanucInterface", "Assembly-CSharp.csproj", "{40B3003C-2F46-9CB3-A510-90D6793B8ACA}"
EndProject
Project("{FAE04EC0-301F-11D3-BF4B-00C04F79EFBC}") = "FanucInterface", "Assembly-CSharp-Editor.csproj", "{CE629A23-D2B3-2583-766E-46B206B66FC2}"
EndProject
Global
	GlobalSection(SolutionConfigurationPlatforms) = preSolution
		Debug|Any CPU = Debug|Any CPU
		Release|Any CPU = Release|Any CPU
	EndGlobalSection
	GlobalSection(ProjectConfigurationPlatforms) = postSolution
		{40B3003C-2F46-9CB3-A510-90D6793B8ACA}.Debug|Any CPU.ActiveCfg = Debug|Any CPU
		{40B3003C-2F46-9CB3-A510-90D6793B8ACA}.Debug|Any CPU.Build.0 = Debug|Any CPU
		{40B3003C-2F46-9CB3-A510-90D6793B8ACA}.Release|Any CPU.ActiveCfg = Release|Any CPU
		{40B3003C-2F46-9CB3-A510-90D6793B8ACA}.Release|Any CPU.Build.0 = Release|Any CPU
		{CE629A23-D2B3-2583-766E-46B206B66FC2}.Debug|Any CPU.ActiveCfg = Debug|Any CPU
		{CE629A23-D2B3-2583-766E-46B206B66FC2}.Debug|Any CPU.Build.0 = Debug|Any CPU
		{CE629A23-D2B3-2583-766E-46B206B66FC2}.Release|Any CPU.ActiveCfg = Release|Any CPU
		{CE629A23-D2B3-2583-766E-46B206B66FC2}.Release|Any CPU.Build.0 = Release|Any CPU
	EndGlobalSection
	GlobalSection(SolutionProperties) = preSolution
		HideSolutionNode = FALSE
	EndGlobalSection
	GlobalSection(MonoDevelopProperties) = preSolution
		StartupItem = Assembly-CSharp.csproj
	EndGlobalSection
EndGlobal
